// !$*UTF8*$!
{
	archiveVersion = 1;
	classes = {
	};
	objectVersion = 77;
	objects = {

/* Begin PBXBuildFile section */
		D96C97C42CEE9CC400DA54CE /* Alamofire in Frameworks */ = {isa = PBXBuildFile; productRef = D96C97C32CEE9CC400DA54CE /* Alamofire */; };
/* End PBXBuildFile section */

/* Begin PBXContainerItemProxy section */
		D94D67272CDD80B700F78CD8 /* PBXContainerItemProxy */ = {
			isa = PBXContainerItemProxy;
			containerPortal = D94D670E2CDD80B500F78CD8 /* Project object */;
			proxyType = 1;
			remoteGlobalIDString = D94D67152CDD80B500F78CD8;
			remoteInfo = AppAula3;
		};
		D94D67312CDD80B700F78CD8 /* PBXContainerItemProxy */ = {
			isa = PBXContainerItemProxy;
			containerPortal = D94D670E2CDD80B500F78CD8 /* Project object */;
			proxyType = 1;
			remoteGlobalIDString = D94D67152CDD80B500F78CD8;
			remoteInfo = AppAula3;
		};
/* End PBXContainerItemProxy section */

/* Begin PBXFileReference section */
		D94D67162CDD80B500F78CD8 /* AppAula3.app */ = {isa = PBXFileReference; explicitFileType = wrapper.application; includeInIndex = 0; path = AppAula3.app; sourceTree = BUILT_PRODUCTS_DIR; };
		D94D67262CDD80B700F78CD8 /* AppAula3Tests.xctest */ = {isa = PBXFileReference; explicitFileType = wrapper.cfbundle; includeInIndex = 0; path = AppAula3Tests.xctest; sourceTree = BUILT_PRODUCTS_DIR; };
		D94D67302CDD80B700F78CD8 /* AppAula3UITests.xctest */ = {isa = PBXFileReference; explicitFileType = wrapper.cfbundle; includeInIndex = 0; path = AppAula3UITests.xctest; sourceTree = BUILT_PRODUCTS_DIR; };
/* End PBXFileReference section */

/* Begin PBXFileSystemSynchronizedRootGroup section */
		D94D67182CDD80B500F78CD8 /* AppAula3 */ = {
			isa = PBXFileSystemSynchronizedRootGroup;
			path = AppAula3;
			sourceTree = "<group>";
		};
		D94D67292CDD80B700F78CD8 /* AppAula3Tests */ = {
			isa = PBXFileSystemSynchronizedRootGroup;
			path = AppAula3Tests;
			sourceTree = "<group>";
		};
		D94D67332CDD80B700F78CD8 /* AppAula3UITests */ = {
			isa = PBXFileSystemSynchronizedRootGroup;
			path = AppAula3UITests;
			sourceTree = "<group>";
		};
/* End PBXFileSystemSynchronizedRootGroup section */

/* Begin PBXFrameworksBuildPhase section */
		D94D67132CDD80B500F78CD8 /* Frameworks */ = {
			isa = PBXFrameworksBuildPhase;
			buildActionMask = 2147483647;
			files = (
				D96C97C42CEE9CC400DA54CE /* Alamofire in Frameworks */,
			);
			runOnlyForDeploymentPostprocessing = 0;
		};
		D94D67232CDD80B700F78CD8 /* Frameworks */ = {
			isa = PBXFrameworksBuildPhase;
			buildActionMask = 2147483647;
			files = (
			);
			runOnlyForDeploymentPostprocessing = 0;
		};
		D94D672D2CDD80B700F78CD8 /* Frameworks */ = {
			isa = PBXFrameworksBuildPhase;
			buildActionMask = 2147483647;
			files = (
			);
			runOnlyForDeploymentPostprocessing = 0;
		};
/* End PBXFrameworksBuildPhase section */

/* Begin PBXGroup section */
		D94D670D2CDD80B500F78CD8 = {
			isa = PBXGroup;
			children = (
				D94D67182CDD80B500F78CD8 /* AppAula3 */,
				D94D67292CDD80B700F78CD8 /* AppAula3Tests */,
				D94D67332CDD80B700F78CD8 /* AppAula3UITests */,
				D94D67172CDD80B500F78CD8 /* Products */,
			);
			sourceTree = "<group>";
		};
		D94D67172CDD80B500F78CD8 /* Products */ = {
			isa = PBXGroup;
			children = (
				D94D67162CDD80B500F78CD8 /* AppAula3.app */,
				D94D67262CDD80B700F78CD8 /* AppAula3Tests.xctest */,
				D94D67302CDD80B700F78CD8 /* AppAula3UITests.xctest */,
			);
			name = Products;
			sourceTree = "<group>";
		};
/* End PBXGroup section */

/* Begin PBXNativeTarget section */
		D94D67152CDD80B500F78CD8 /* AppAula3 */ = {
			isa = PBXNativeTarget;
			buildConfigurationList = D94D673A2CDD80B700F78CD8 /* Build configuration list for PBXNativeTarget "AppAula3" */;
			buildPhases = (
				D94D67122CDD80B500F78CD8 /* Sources */,
				D94D67132CDD80B500F78CD8 /* Frameworks */,
				D94D67142CDD80B500F78CD8 /* Resources */,
			);
			buildRules = (
			);
			dependencies = (
			);
			fileSystemSynchronizedGroups = (
				D94D67182CDD80B500F78CD8 /* AppAula3 */,
			);
			name = AppAula3;
			packageProductDependencies = (
				D96C97C32CEE9CC400DA54CE /* Alamofire */,
			);
			productName = AppAula3;
			productReference = D94D67162CDD80B500F78CD8 /* AppAula3.app */;
			productType = "com.apple.product-type.application";
		};
		D94D67252CDD80B700F78CD8 /* AppAula3Tests */ = {
			isa = PBXNativeTarget;
			buildConfigurationList = D94D673D2CDD80B700F78CD8 /* Build configuration list for PBXNativeTarget "AppAula3Tests" */;
			buildPhases = (
				D94D67222CDD80B700F78CD8 /* Sources */,
				D94D67232CDD80B700F78CD8 /* Frameworks */,
				D94D67242CDD80B700F78CD8 /* Resources */,
			);
			buildRules = (
			);
			dependencies = (
				D94D67282CDD80B700F78CD8 /* PBXTargetDependency */,
			);
			fileSystemSynchronizedGroups = (
				D94D67292CDD80B700F78CD8 /* AppAula3Tests */,
			);
			name = AppAula3Tests;
			packageProductDependencies = (
			);
			productName = AppAula3Tests;
			productReference = D94D67262CDD80B700F78CD8 /* AppAula3Tests.xctest */;
			productType = "com.apple.product-type.bundle.unit-test";
		};
		D94D672F2CDD80B700F78CD8 /* AppAula3UITests */ = {
			isa = PBXNativeTarget;
			buildConfigurationList = D94D67402CDD80B700F78CD8 /* Build configuration list for PBXNativeTarget "AppAula3UITests" */;
			buildPhases = (
				D94D672C2CDD80B700F78CD8 /* Sources */,
				D94D672D2CDD80B700F78CD8 /* Frameworks */,
				D94D672E2CDD80B700F78CD8 /* Resources */,
			);
			buildRules = (
			);
			dependencies = (
				D94D67322CDD80B700F78CD8 /* PBXTargetDependency */,
			);
			fileSystemSynchronizedGroups = (
				D94D67332CDD80B700F78CD8 /* AppAula3UITests */,
			);
			name = AppAula3UITests;
			packageProductDependencies = (
			);
			productName = AppAula3UITests;
			productReference = D94D67302CDD80B700F78CD8 /* AppAula3UITests.xctest */;
			productType = "com.apple.product-type.bundle.ui-testing";
		};
/* End PBXNativeTarget section */

/* Begin PBXProject section */
		D94D670E2CDD80B500F78CD8 /* Project object */ = {
			isa = PBXProject;
			attributes = {
				BuildIndependentTargetsInParallel = 1;
				LastSwiftUpdateCheck = 1610;
				LastUpgradeCheck = 1610;
				TargetAttributes = {
					D94D67152CDD80B500F78CD8 = {
						CreatedOnToolsVersion = 16.1;
					};
					D94D67252CDD80B700F78CD8 = {
						CreatedOnToolsVersion = 16.1;
						TestTargetID = D94D67152CDD80B500F78CD8;
					};
					D94D672F2CDD80B700F78CD8 = {
						CreatedOnToolsVersion = 16.1;
						TestTargetID = D94D67152CDD80B500F78CD8;
					};
				};
			};
			buildConfigurationList = D94D67112CDD80B500F78CD8 /* Build configuration list for PBXProject "AppAula3" */;
			developmentRegion = en;
			hasScannedForEncodings = 0;
			knownRegions = (
				en,
				Base,
			);
			mainGroup = D94D670D2CDD80B500F78CD8;
			minimizedProjectReferenceProxies = 1;
			packageReferences = (
				D96C97C22CEE9CC400DA54CE /* XCRemoteSwiftPackageReference "Alamofire" */,
			);
			preferredProjectObjectVersion = 77;
			productRefGroup = D94D67172CDD80B500F78CD8 /* Products */;
			projectDirPath = "";
			projectRoot = "";
			targets = (
				D94D67152CDD80B500F78CD8 /* AppAula3 */,
				D94D67252CDD80B700F78CD8 /* AppAula3Tests */,
				D94D672F2CDD80B700F78CD8 /* AppAula3UITests */,
			);
		};
/* End PBXProject section */

/* Begin PBXResourcesBuildPhase section */
		D94D67142CDD80B500F78CD8 /* Resources */ = {
			isa = PBXResourcesBuildPhase;
			buildActionMask = 2147483647;
			files = (
			);
			runOnlyForDeploymentPostprocessing = 0;
		};
		D94D67242CDD80B700F78CD8 /* Resources */ = {
			isa = PBXResourcesBuildPhase;
			buildActionMask = 2147483647;
			files = (
			);
			runOnlyForDeploymentPostprocessing = 0;
		};
		D94D672E2CDD80B700F78CD8 /* Resources */ = {
			isa = PBXResourcesBuildPhase;
			buildActionMask = 2147483647;
			files = (
			);
			runOnlyForDeploymentPostprocessing = 0;
		};
/* End PBXResourcesBuildPhase section */

/* Begin PBXSourcesBuildPhase section */
		D94D67122CDD80B500F78CD8 /* Sources */ = {
			isa = PBXSourcesBuildPhase;
			buildActionMask = 2147483647;
			files = (
			);
			runOnlyForDeploymentPostprocessing = 0;
		};
		D94D67222CDD80B700F78CD8 /* Sources */ = {
			isa = PBXSourcesBuildPhase;
			buildActionMask = 2147483647;
			files = (
			);
			runOnlyForDeploymentPostprocessing = 0;
		};
		D94D672C2CDD80B700F78CD8 /* Sources */ = {
			isa = PBXSourcesBuildPhase;
			buildActionMask = 2147483647;
			files = (
			);
			runOnlyForDeploymentPostprocessing = 0;
		};
/* End PBXSourcesBuildPhase section */

/* Begin PBXTargetDependency section */
		D94D67282CDD80B700F78CD8 /* PBXTargetDependency */ = {
			isa = PBXTargetDependency;
			target = D94D67152CDD80B500F78CD8 /* AppAula3 */;
			targetProxy = D94D67272CDD80B700F78CD8 /* PBXContainerItemProxy */;
		};
		D94D67322CDD80B700F78CD8 /* PBXTargetDependency */ = {
			isa = PBXTargetDependency;
			target = D94D67152CDD80B500F78CD8 /* AppAula3 */;
			targetProxy = D94D67312CDD80B700F78CD8 /* PBXContainerItemProxy */;
		};
/* End PBXTargetDependency section */

/* Begin XCBuildConfiguration section */
		D94D67382CDD80B700F78CD8 /* Debug */ = {
			isa = XCBuildConfiguration;
			buildSettings = {
				ALWAYS_SEARCH_USER_PATHS = NO;
				ASSETCATALOG_COMPILER_GENERATE_SWIFT_ASSET_SYMBOL_EXTENSIONS = YES;
				CLANG_ANALYZER_NONNULL = YES;
				CLANG_ANALYZER_NUMBER_OBJECT_CONVERSION = YES_AGGRESSIVE;
				CLANG_CXX_LANGUAGE_STANDARD = "gnu++20";
				CLANG_ENABLE_MODULES = YES;
				CLANG_ENABLE_OBJC_ARC = YES;
				CLANG_ENABLE_OBJC_WEAK = YES;
				CLANG_WARN_BLOCK_CAPTURE_AUTORELEASING = YES;
				CLANG_WARN_BOOL_CONVERSION = YES;
				CLANG_WARN_COMMA = YES;
				CLANG_WARN_CONSTANT_CONVERSION = YES;
				CLANG_WARN_DEPRECATED_OBJC_IMPLEMENTATIONS = YES;
				CLANG_WARN_DIRECT_OBJC_ISA_USAGE = YES_ERROR;
				CLANG_WARN_DOCUMENTATION_COMMENTS = YES;
				CLANG_WARN_EMPTY_BODY = YES;
				CLANG_WARN_ENUM_CONVERSION = YES;
				CLANG_WARN_INFINITE_RECURSION = YES;
				CLANG_WARN_INT_CONVERSION = YES;
				CLANG_WARN_NON_LITERAL_NULL_CONVERSION = YES;
				CLANG_WARN_OBJC_IMPLICIT_RETAIN_SELF = YES;
				CLANG_WARN_OBJC_LITERAL_CONVERSION = YES;
				CLANG_WARN_OBJC_ROOT_CLASS = YES_ERROR;
				CLANG_WARN_QUOTED_INCLUDE_IN_FRAMEWORK_HEADER = YES;
				CLANG_WARN_RANGE_LOOP_ANALYSIS = YES;
				CLANG_WARN_STRICT_PROTOTYPES = YES;
				CLANG_WARN_SUSPICIOUS_MOVE = YES;
				CLANG_WARN_UNGUARDED_AVAILABILITY = YES_AGGRESSIVE;
				CLANG_WARN_UNREACHABLE_CODE = YES;
				CLANG_WARN__DUPLICATE_METHOD_MATCH = YES;
				COPY_PHASE_STRIP = NO;
				DEBUG_INFORMATION_FORMAT = dwarf;
				ENABLE_STRICT_OBJC_MSGSEND = YES;
				ENABLE_TESTABILITY = YES;
				ENABLE_USER_SCRIPT_SANDBOXING = YES;
				GCC_C_LANGUAGE_STANDARD = gnu17;
				GCC_DYNAMIC_NO_PIC = NO;
				GCC_NO_COMMON_BLOCKS = YES;
				GCC_OPTIMIZATION_LEVEL = 0;
				GCC_PREPROCESSOR_DEFINITIONS = (
					"DEBUG=1",
					"$(inherited)",
				);
				GCC_WARN_64_TO_32_BIT_CONVERSION = YES;
				GCC_WARN_ABOUT_RETURN_TYPE = YES_ERROR;
				GCC_WARN_UNDECLARED_SELECTOR = YES;
				GCC_WARN_UNINITIALIZED_AUTOS = YES_AGGRESSIVE;
				GCC_WARN_UNUSED_FUNCTION = YES;
				GCC_WARN_UNUSED_VARIABLE = YES;
				IPHONEOS_DEPLOYMENT_TARGET = 18.1;
				LOCALIZATION_PREFERS_STRING_CATALOGS = YES;
				MTL_ENABLE_DEBUG_INFO = INCLUDE_SOURCE;
				MTL_FAST_MATH = YES;
				ONLY_ACTIVE_ARCH = YES;
				SDKROOT = iphoneos;
				SWIFT_ACTIVE_COMPILATION_CONDITIONS = "DEBUG $(inherited)";
				SWIFT_OPTIMIZATION_LEVEL = "-Onone";
			};
			name = Debug;
		};
		D94D67392CDD80B700F78CD8 /* Release */ = {
			isa = XCBuildConfiguration;
			buildSettings = {
				ALWAYS_SEARCH_USER_PATHS = NO;
				ASSETCATALOG_COMPILER_GENERATE_SWIFT_ASSET_SYMBOL_EXTENSIONS = YES;
				CLANG_ANALYZER_NONNULL = YES;
				CLANG_ANALYZER_NUMBER_OBJECT_CONVERSION = YES_AGGRESSIVE;
				CLANG_CXX_LANGUAGE_STANDARD = "gnu++20";
				CLANG_ENABLE_MODULES = YES;
				CLANG_ENABLE_OBJC_ARC = YES;
				CLANG_ENABLE_OBJC_WEAK = YES;
				CLANG_WARN_BLOCK_CAPTURE_AUTORELEASING = YES;
				CLANG_WARN_BOOL_CONVERSION = YES;
				CLANG_WARN_COMMA = YES;
				CLANG_WARN_CONSTANT_CONVERSION = YES;
				CLANG_WARN_DEPRECATED_OBJC_IMPLEMENTATIONS = YES;
				CLANG_WARN_DIRECT_OBJC_ISA_USAGE = YES_ERROR;
				CLANG_WARN_DOCUMENTATION_COMMENTS = YES;
				CLANG_WARN_EMPTY_BODY = YES;
				CLANG_WARN_ENUM_CONVERSION = YES;
				CLANG_WARN_INFINITE_RECURSION = YES;
				CLANG_WARN_INT_CONVERSION = YES;
				CLANG_WARN_NON_LITERAL_NULL_CONVERSION = YES;
				CLANG_WARN_OBJC_IMPLICIT_RETAIN_SELF = YES;
				CLANG_WARN_OBJC_LITERAL_CONVERSION = YES;
				CLANG_WARN_OBJC_ROOT_CLASS = YES_ERROR;
				CLANG_WARN_QUOTED_INCLUDE_IN_FRAMEWORK_HEADER = YES;
				CLANG_WARN_RANGE_LOOP_ANALYSIS = YES;
				CLANG_WARN_STRICT_PROTOTYPES = YES;
				CLANG_WARN_SUSPICIOUS_MOVE = YES;
				CLANG_WARN_UNGUARDED_AVAILABILITY = YES_AGGRESSIVE;
				CLANG_WARN_UNREACHABLE_CODE = YES;
				CLANG_WARN__DUPLICATE_METHOD_MATCH = YES;
				COPY_PHASE_STRIP = NO;
				DEBUG_INFORMATION_FORMAT = "dwarf-with-dsym";
				ENABLE_NS_ASSERTIONS = NO;
				ENABLE_STRICT_OBJC_MSGSEND = YES;
				ENABLE_USER_SCRIPT_SANDBOXING = YES;
				GCC_C_LANGUAGE_STANDARD = gnu17;
				GCC_NO_COMMON_BLOCKS = YES;
				GCC_WARN_64_TO_32_BIT_CONVERSION = YES;
				GCC_WARN_ABOUT_RETURN_TYPE = YES_ERROR;
				GCC_WARN_UNDECLARED_SELECTOR = YES;
				GCC_WARN_UNINITIALIZED_AUTOS = YES_AGGRESSIVE;
				GCC_WARN_UNUSED_FUNCTION = YES;
				GCC_WARN_UNUSED_VARIABLE = YES;
				IPHONEOS_DEPLOYMENT_TARGET = 18.1;
				LOCALIZATION_PREFERS_STRING_CATALOGS = YES;
				MTL_ENABLE_DEBUG_INFO = NO;
				MTL_FAST_MATH = YES;
				SDKROOT = iphoneos;
				SWIFT_COMPILATION_MODE = wholemodule;
				VALIDATE_PRODUCT = YES;
			};
			name = Release;
		};
		D94D673B2CDD80B700F78CD8 /* Debug */ = {
			isa = XCBuildConfiguration;
			buildSettings = {
				ASSETCATALOG_COMPILER_APPICON_NAME = AppIcon;
				ASSETCATALOG_COMPILER_GLOBAL_ACCENT_COLOR_NAME = AccentColor;
				CODE_SIGN_STYLE = Automatic;
				CURRENT_PROJECT_VERSION = 1;
				DEVELOPMENT_ASSET_PATHS = "\"AppAula3/Preview Content\"";
				ENABLE_PREVIEWS = YES;
				GENERATE_INFOPLIST_FILE = YES;
				INFOPLIST_KEY_UIApplicationSceneManifest_Generation = YES;
				INFOPLIST_KEY_UIApplicationSupportsIndirectInputEvents = YES;
				INFOPLIST_KEY_UILaunchScreen_Generation = YES;
				INFOPLIST_KEY_UISupportedInterfaceOrientations_iPad = "UIInterfaceOrientationPortrait UIInterfaceOrientationPortraitUpsideDown UIInterfaceOrientationLandscapeLeft UIInterfaceOrientationLandscapeRight";
				INFOPLIST_KEY_UISupportedInterfaceOrientations_iPhone = "UIInterfaceOrientationPortrait UIInterfaceOrientationLandscapeLeft UIInterfaceOrientationLandscapeRight";
				LD_RUNPATH_SEARCH_PATHS = (
					"$(inherited)",
					"@executable_path/Frameworks",
				);
				MARKETING_VERSION = 1.0;
				PRODUCT_BUNDLE_IDENTIFIER = JoseAndery.AppAula3;
				PRODUCT_NAME = "$(TARGET_NAME)";
				SWIFT_EMIT_LOC_STRINGS = YES;
				SWIFT_VERSION = 5.0;
				TARGETED_DEVICE_FAMILY = "1,2";
			};
			name = Debug;
		};
		D94D673C2CDD80B700F78CD8 /* Release */ = {
			isa = XCBuildConfiguration;
			buildSettings = {
				ASSETCATALOG_COMPILER_APPICON_NAME = AppIcon;
				ASSETCATALOG_COMPILER_GLOBAL_ACCENT_COLOR_NAME = AccentColor;
				CODE_SIGN_STYLE = Automatic;
				CURRENT_PROJECT_VERSION = 1;
				DEVELOPMENT_ASSET_PATHS = "\"AppAula3/Preview Content\"";
				ENABLE_PREVIEWS = YES;
				GENERATE_INFOPLIST_FILE = YES;
				INFOPLIST_KEY_UIApplicationSceneManifest_Generation = YES;
				INFOPLIST_KEY_UIApplicationSupportsIndirectInputEvents = YES;
				INFOPLIST_KEY_UILaunchScreen_Generation = YES;
				INFOPLIST_KEY_UISupportedInterfaceOrientations_iPad = "UIInterfaceOrientationPortrait UIInterfaceOrientationPortraitUpsideDown UIInterfaceOrientationLandscapeLeft UIInterfaceOrientationLandscapeRight";
				INFOPLIST_KEY_UISupportedInterfaceOrientations_iPhone = "UIInterfaceOrientationPortrait UIInterfaceOrientationLandscapeLeft UIInterfaceOrientationLandscapeRight";
				LD_RUNPATH_SEARCH_PATHS = (
					"$(inherited)",
					"@executable_path/Frameworks",
				);
				MARKETING_VERSION = 1.0;
				PRODUCT_BUNDLE_IDENTIFIER = JoseAndery.AppAula3;
				PRODUCT_NAME = "$(TARGET_NAME)";
				SWIFT_EMIT_LOC_STRINGS = YES;
				SWIFT_VERSION = 5.0;
				TARGETED_DEVICE_FAMILY = "1,2";
			};
			name = Release;
		};
		D94D673E2CDD80B700F78CD8 /* Debug */ = {
			isa = XCBuildConfiguration;
			buildSettings = {
				BUNDLE_LOADER = "$(TEST_HOST)";
				CODE_SIGN_STYLE = Automatic;
				CURRENT_PROJECT_VERSION = 1;
				GENERATE_INFOPLIST_FILE = YES;
				IPHONEOS_DEPLOYMENT_TARGET = 18.1;
				MARKETING_VERSION = 1.0;
				PRODUCT_BUNDLE_IDENTIFIER = JoseAndery.AppAula3Tests;
				PRODUCT_NAME = "$(TARGET_NAME)";
				SWIFT_EMIT_LOC_STRINGS = NO;
				SWIFT_VERSION = 5.0;
				TARGETED_DEVICE_FAMILY = "1,2";
				TEST_HOST = "$(BUILT_PRODUCTS_DIR)/AppAula3.app/$(BUNDLE_EXECUTABLE_FOLDER_PATH)/AppAula3";
			};
			name = Debug;
		};
		D94D673F2CDD80B700F78CD8 /* Release */ = {
			isa = XCBuildConfiguration;
			buildSettings = {
				BUNDLE_LOADER = "$(TEST_HOST)";
				CODE_SIGN_STYLE = Automatic;
				CURRENT_PROJECT_VERSION = 1;
				GENERATE_INFOPLIST_FILE = YES;
				IPHONEOS_DEPLOYMENT_TARGET = 18.1;
				MARKETING_VERSION = 1.0;
				PRODUCT_BUNDLE_IDENTIFIER = JoseAndery.AppAula3Tests;
				PRODUCT_NAME = "$(TARGET_NAME)";
				SWIFT_EMIT_LOC_STRINGS = NO;
				SWIFT_VERSION = 5.0;
				TARGETED_DEVICE_FAMILY = "1,2";
				TEST_HOST = "$(BUILT_PRODUCTS_DIR)/AppAula3.app/$(BUNDLE_EXECUTABLE_FOLDER_PATH)/AppAula3";
			};
			name = Release;
		};
		D94D67412CDD80B700F78CD8 /* Debug */ = {
			isa = XCBuildConfiguration;
			buildSettings = {
				CODE_SIGN_STYLE = Automatic;
				CURRENT_PROJECT_VERSION = 1;
				GENERATE_INFOPLIST_FILE = YES;
				MARKETING_VERSION = 1.0;
				PRODUCT_BUNDLE_IDENTIFIER = JoseAndery.AppAula3UITests;
				PRODUCT_NAME = "$(TARGET_NAME)";
				SWIFT_EMIT_LOC_STRINGS = NO;
				SWIFT_VERSION = 5.0;
				TARGETED_DEVICE_FAMILY = "1,2";
				TEST_TARGET_NAME = AppAula3;
			};
			name = Debug;
		};
		D94D67422CDD80B700F78CD8 /* Release */ = {
			isa = XCBuildConfiguration;
			buildSettings = {
				CODE_SIGN_STYLE = Automatic;
				CURRENT_PROJECT_VERSION = 1;
				GENERATE_INFOPLIST_FILE = YES;
				MARKETING_VERSION = 1.0;
				PRODUCT_BUNDLE_IDENTIFIER = JoseAndery.AppAula3UITests;
				PRODUCT_NAME = "$(TARGET_NAME)";
				SWIFT_EMIT_LOC_STRINGS = NO;
				SWIFT_VERSION = 5.0;
				TARGETED_DEVICE_FAMILY = "1,2";
				TEST_TARGET_NAME = AppAula3;
			};
			name = Release;
		};
/* End XCBuildConfiguration section */

/* Begin XCConfigurationList section */
		D94D67112CDD80B500F78CD8 /* Build configuration list for PBXProject "AppAula3" */ = {
			isa = XCConfigurationList;
			buildConfigurations = (
				D94D67382CDD80B700F78CD8 /* Debug */,
				D94D67392CDD80B700F78CD8 /* Release */,
			);
			defaultConfigurationIsVisible = 0;
			defaultConfigurationName = Release;
		};
		D94D673A2CDD80B700F78CD8 /* Build configuration list for PBXNativeTarget "AppAula3" */ = {
			isa = XCConfigurationList;
			buildConfigurations = (
				D94D673B2CDD80B700F78CD8 /* Debug */,
				D94D673C2CDD80B700F78CD8 /* Release */,
			);
			defaultConfigurationIsVisible = 0;
			defaultConfigurationName = Release;
		};
		D94D673D2CDD80B700F78CD8 /* Build configuration list for PBXNativeTarget "AppAula3Tests" */ = {
			isa = XCConfigurationList;
			buildConfigurations = (
				D94D673E2CDD80B700F78CD8 /* Debug */,
				D94D673F2CDD80B700F78CD8 /* Release */,
			);
			defaultConfigurationIsVisible = 0;
			defaultConfigurationName = Release;
		};
		D94D67402CDD80B700F78CD8 /* Build configuration list for PBXNativeTarget "AppAula3UITests" */ = {
			isa = XCConfigurationList;
			buildConfigurations = (
				D94D67412CDD80B700F78CD8 /* Debug */,
				D94D67422CDD80B700F78CD8 /* Release */,
			);
			defaultConfigurationIsVisible = 0;
			defaultConfigurationName = Release;
		};
/* End XCConfigurationList section */

/* Begin XCRemoteSwiftPackageReference section */
		D96C97C22CEE9CC400DA54CE /* XCRemoteSwiftPackageReference "Alamofire" */ = {
			isa = XCRemoteSwiftPackageReference;
			repositoryURL = "https://github.com/Alamofire/Alamofire.git";
			requirement = {
				kind = upToNextMajorVersion;
				minimumVersion = 5.10.1;
			};
		};
/* End XCRemoteSwiftPackageReference section */

/* Begin XCSwiftPackageProductDependency section */
		D96C97C32CEE9CC400DA54CE /* Alamofire */ = {
			isa = XCSwiftPackageProductDependency;
			package = D96C97C22CEE9CC400DA54CE /* XCRemoteSwiftPackageReference "Alamofire" */;
			productName = Alamofire;
		};
/* End XCSwiftPackageProductDependency section */
	};
	rootObject = D94D670E2CDD80B500F78CD8 /* Project object */;
}
